
Microsoft Visual Studio Solution File, Format Version 12.00
# Visual Studio Version 17
VisualStudioVersion = 17.14.36212.18 d17.14
MinimumVisualStudioVersion = 10.0.40219.1
Project("{FAE04EC0-301F-11D3-BF4B-00C04F79EFBC}") = "NetShop", "NetShop.csproj", "{5E96AA33-56E8-4C44-85B5-36E702C7A2A2}"
EndProject
Project("{FAE04EC0-301F-11D3-BF4B-00C04F79EFBC}") = "Data", "..\Data\Data.csproj", "{01FEE35B-352A-4E00-80C6-0CB23E68E8CE}"
EndProject
Project("{FAE04EC0-301F-11D3-BF4B-00C04F79EFBC}") = "Services", "..\Services\Services.csproj", "{E78EA4DF-B988-4706-AA81-AD6384B89D3F}"
EndProject
Global
	GlobalSection(SolutionConfigurationPlatforms) = preSolution
		Debug|Any CPU = Debug|Any CPU
		Release|Any CPU = Release|Any CPU
	EndGlobalSection
	GlobalSection(ProjectConfigurationPlatforms) = postSolution
		{5E96AA33-56E8-4C44-85B5-36E702C7A2A2}.Debug|Any CPU.ActiveCfg = Debug|Any CPU
		{5E96AA33-56E8-4C44-85B5-36E702C7A2A2}.Debug|Any CPU.Build.0 = Debug|Any CPU
		{5E96AA33-56E8-4C44-85B5-36E702C7A2A2}.Release|Any CPU.ActiveCfg = Release|Any CPU
		{5E96AA33-56E8-4C44-85B5-36E702C7A2A2}.Release|Any CPU.Build.0 = Release|Any CPU
		{01FEE35B-352A-4E00-80C6-0CB23E68E8CE}.Debug|Any CPU.ActiveCfg = Debug|Any CPU
		{01FEE35B-352A-4E00-80C6-0CB23E68E8CE}.Debug|Any CPU.Build.0 = Debug|Any CPU
		{01FEE35B-352A-4E00-80C6-0CB23E68E8CE}.Release|Any CPU.ActiveCfg = Release|Any CPU
		{01FEE35B-352A-4E00-80C6-0CB23E68E8CE}.Release|Any CPU.Build.0 = Release|Any CPU
		{E78EA4DF-B988-4706-AA81-AD6384B89D3F}.Debug|Any CPU.ActiveCfg = Debug|Any CPU
		{E78EA4DF-B988-4706-AA81-AD6384B89D3F}.Debug|Any CPU.Build.0 = Debug|Any CPU
		{E78EA4DF-B988-4706-AA81-AD6384B89D3F}.Release|Any CPU.ActiveCfg = Release|Any CPU
		{E78EA4DF-B988-4706-AA81-AD6384B89D3F}.Release|Any CPU.Build.0 = Release|Any CPU
	EndGlobalSection
	GlobalSection(SolutionProperties) = preSolution
		HideSolutionNode = FALSE
	EndGlobalSection
	GlobalSection(ExtensibilityGlobals) = postSolution
		SolutionGuid = {EAD87730-80DB-43E7-9770-BF950EB4981E}
	EndGlobalSection
EndGlobal
